
Microsoft Visual Studio Solution File, Format Version 12.00
# Visual Studio 2012
Project("{FAE04EC0-301F-11D3-BF4B-00C04F79EFBC}") = "PFConsole", "PFConsole\PFConsole.csproj", "{12674014-F291-42A8-8586-F410D8986FC9}"
EndProject
Project("{FAE04EC0-301F-11D3-BF4B-00C04F79EFBC}") = "PFModels", "PFModels\PFModels.csproj", "{852E6662-AF0B-41C2-8D5A-A1CD8E33ED12}"
EndProject
Global
	GlobalSection(SolutionConfigurationPlatforms) = preSolution
		Debug|Any CPU = Debug|Any CPU
		Release|Any CPU = Release|Any CPU
	EndGlobalSection
	GlobalSection(ProjectConfigurationPlatforms) = postSolution
		{12674014-F291-42A8-8586-F410D8986FC9}.Debug|Any CPU.ActiveCfg = Debug|Any CPU
		{12674014-F291-42A8-8586-F410D8986FC9}.Debug|Any CPU.Build.0 = Debug|Any CPU
		{12674014-F291-42A8-8586-F410D8986FC9}.Release|Any CPU.ActiveCfg = Release|Any CPU
		{12674014-F291-42A8-8586-F410D8986FC9}.Release|Any CPU.Build.0 = Release|Any CPU
		{852E6662-AF0B-41C2-8D5A-A1CD8E33ED12}.Debug|Any CPU.ActiveCfg = Debug|Any CPU
		{852E6662-AF0B-41C2-8D5A-A1CD8E33ED12}.Debug|Any CPU.Build.0 = Debug|Any CPU
		{852E6662-AF0B-41C2-8D5A-A1CD8E33ED12}.Release|Any CPU.ActiveCfg = Release|Any CPU
		{852E6662-AF0B-41C2-8D5A-A1CD8E33ED12}.Release|Any CPU.Build.0 = Release|Any CPU
	EndGlobalSection
	GlobalSection(SolutionProperties) = preSolution
		HideSolutionNode = FALSE
	EndGlobalSection
EndGlobal
